
Microsoft Visual Studio Solution File, Format Version 12.00
# Visual Studio 2012
Project("{E24C65DC-7377-472B-9ABA-BC803B73C61A}") = "Landrupdans-real", ".", "{A70FE1F0-AD39-4876-9962-45A9C276AD27}"
	ProjectSection(WebsiteProperties) = preProject
		TargetFrameworkMoniker = ".NETFramework,Version%3Dv4.5"
		Debug.AspNetCompiler.VirtualPath = "/Landrupdans-real"
		Debug.AspNetCompiler.PhysicalPath = "..\Landrupdans-real\"
		Debug.AspNetCompiler.TargetPath = "PrecompiledWeb\Landrupdans-real\"
		Debug.AspNetCompiler.Updateable = "true"
		Debug.AspNetCompiler.ForceOverwrite = "true"
		Debug.AspNetCompiler.FixedNames = "false"
		Debug.AspNetCompiler.Debug = "True"
		Release.AspNetCompiler.VirtualPath = "/Landrupdans-real"
		Release.AspNetCompiler.PhysicalPath = "..\Landrupdans-real\"
		Release.AspNetCompiler.TargetPath = "PrecompiledWeb\Landrupdans-real\"
		Release.AspNetCompiler.Updateable = "true"
		Release.AspNetCompiler.ForceOverwrite = "true"
		Release.AspNetCompiler.FixedNames = "false"
		Release.AspNetCompiler.Debug = "False"
		VWDPort = "19031"
	EndProjectSection
EndProject
Global
	GlobalSection(SolutionConfigurationPlatforms) = preSolution
		Debug|Any CPU = Debug|Any CPU
	EndGlobalSection
	GlobalSection(ProjectConfigurationPlatforms) = postSolution
		{A70FE1F0-AD39-4876-9962-45A9C276AD27}.Debug|Any CPU.ActiveCfg = Debug|Any CPU
		{A70FE1F0-AD39-4876-9962-45A9C276AD27}.Debug|Any CPU.Build.0 = Debug|Any CPU
	EndGlobalSection
	GlobalSection(SolutionProperties) = preSolution
		HideSolutionNode = FALSE
	EndGlobalSection
EndGlobal
